
Microsoft Visual Studio Solution File, Format Version 12.00
# Visual Studio Version 16
VisualStudioVersion = 16.0.30717.126
MinimumVisualStudioVersion = 10.0.40219.1
Project("{FAE04EC0-301F-11D3-BF4B-00C04F79EFBC}") = "DariuszWroniak_WZ_INiN1_2.2", "DariuszWroniak_WZ_INiN1_2.2\DariuszWroniak_WZ_INiN1_2.2.csproj", "{C2ECD552-67D5-464C-982A-D99DD60406EE}"
EndProject
Global
	GlobalSection(SolutionConfigurationPlatforms) = preSolution
		Debug|Any CPU = Debug|Any CPU
		Release|Any CPU = Release|Any CPU
	EndGlobalSection
	GlobalSection(ProjectConfigurationPlatforms) = postSolution
		{C2ECD552-67D5-464C-982A-D99DD60406EE}.Debug|Any CPU.ActiveCfg = Debug|Any CPU
		{C2ECD552-67D5-464C-982A-D99DD60406EE}.Debug|Any CPU.Build.0 = Debug|Any CPU
		{C2ECD552-67D5-464C-982A-D99DD60406EE}.Release|Any CPU.ActiveCfg = Release|Any CPU
		{C2ECD552-67D5-464C-982A-D99DD60406EE}.Release|Any CPU.Build.0 = Release|Any CPU
	EndGlobalSection
	GlobalSection(SolutionProperties) = preSolution
		HideSolutionNode = FALSE
	EndGlobalSection
	GlobalSection(ExtensibilityGlobals) = postSolution
		SolutionGuid = {2EADFC05-F349-4E6A-8A4A-9BB3BD93685D}
	EndGlobalSection
EndGlobal
